// !$*UTF8*$!
{
	archiveVersion = 1;
	classes = {
	};
	objectVersion = 55;
	objects = {

/* Begin PBXBuildFile section */
		6391BFD4280473C600644C27 /* Sketch_Diagram_AppApp.swift in Sources */ = {isa = PBXBuildFile; fileRef = 6391BFD3280473C600644C27 /* Sketch_Diagram_AppApp.swift */; };
		6391BFD6280473C600644C27 /* ContentView.swift in Sources */ = {isa = PBXBuildFile; fileRef = 6391BFD5280473C600644C27 /* ContentView.swift */; };
		6391BFD8280473C700644C27 /* Assets.xcassets in Resources */ = {isa = PBXBuildFile; fileRef = 6391BFD7280473C700644C27 /* Assets.xcassets */; };
		6391BFDB280473C700644C27 /* Preview Assets.xcassets in Resources */ = {isa = PBXBuildFile; fileRef = 6391BFDA280473C700644C27 /* Preview Assets.xcassets */; };
		6391BFE32804756800644C27 /* Shapes.swift in Sources */ = {isa = PBXBuildFile; fileRef = 6391BFE22804756800644C27 /* Shapes.swift */; };
		6391BFE52804758800644C27 /* CustomColor.swift in Sources */ = {isa = PBXBuildFile; fileRef = 6391BFE42804758800644C27 /* CustomColor.swift */; };
		6391BFE7280475EF00644C27 /* Diagram.swift in Sources */ = {isa = PBXBuildFile; fileRef = 6391BFE6280475EF00644C27 /* Diagram.swift */; };
		6391BFE92804761D00644C27 /* DrawShapes.swift in Sources */ = {isa = PBXBuildFile; fileRef = 6391BFE82804761D00644C27 /* DrawShapes.swift */; };
		6391BFEC2804768000644C27 /* DrawingDocument.swift in Sources */ = {isa = PBXBuildFile; fileRef = 6391BFEB2804768000644C27 /* DrawingDocument.swift */; };
		6391BFEE2804769700644C27 /* DrawingEngine.swift in Sources */ = {isa = PBXBuildFile; fileRef = 6391BFED2804769700644C27 /* DrawingEngine.swift */; };
		6391BFF0280476B400644C27 /* CustomFileManager.swift in Sources */ = {isa = PBXBuildFile; fileRef = 6391BFEF280476B400644C27 /* CustomFileManager.swift */; };
		6391BFF32804777600644C27 /* DrawingView.swift in Sources */ = {isa = PBXBuildFile; fileRef = 6391BFF22804777600644C27 /* DrawingView.swift */; };
		6391BFF52804782700644C27 /* MenuView.swift in Sources */ = {isa = PBXBuildFile; fileRef = 6391BFF42804782700644C27 /* MenuView.swift */; };
		6391BFF72804785B00644C27 /* ListCell.swift in Sources */ = {isa = PBXBuildFile; fileRef = 6391BFF62804785B00644C27 /* ListCell.swift */; };
		6391BFFA280478DC00644C27 /* TextFieldAlertViewController.swift in Sources */ = {isa = PBXBuildFile; fileRef = 6391BFF9280478DC00644C27 /* TextFieldAlertViewController.swift */; };
		6391BFFC280478F700644C27 /* TextFieldAlert.swift in Sources */ = {isa = PBXBuildFile; fileRef = 6391BFFB280478F700644C27 /* TextFieldAlert.swift */; };
		6391BFFE2804790F00644C27 /* View+Ext.swift in Sources */ = {isa = PBXBuildFile; fileRef = 6391BFFD2804790F00644C27 /* View+Ext.swift */; };
		6391C0002804794000644C27 /* TextFieldWrapper.swift in Sources */ = {isa = PBXBuildFile; fileRef = 6391BFFF2804794000644C27 /* TextFieldWrapper.swift */; };
		6391C0032804796900644C27 /* AlertButton.swift in Sources */ = {isa = PBXBuildFile; fileRef = 6391C0022804796900644C27 /* AlertButton.swift */; };
		6391C0052804799800644C27 /* AddButton.swift in Sources */ = {isa = PBXBuildFile; fileRef = 6391C0042804799800644C27 /* AddButton.swift */; };
/* End PBXBuildFile section */

/* Begin PBXFileReference section */
		6391BFD0280473C600644C27 /* Sketch_Diagram_App.app */ = {isa = PBXFileReference; explicitFileType = wrapper.application; includeInIndex = 0; path = Sketch_Diagram_App.app; sourceTree = BUILT_PRODUCTS_DIR; };
		6391BFD3280473C600644C27 /* Sketch_Diagram_AppApp.swift */ = {isa = PBXFileReference; lastKnownFileType = sourcecode.swift; path = Sketch_Diagram_AppApp.swift; sourceTree = "<group>"; };
		6391BFD5280473C600644C27 /* ContentView.swift */ = {isa = PBXFileReference; lastKnownFileType = sourcecode.swift; path = ContentView.swift; sourceTree = "<group>"; };
		6391BFD7280473C700644C27 /* Assets.xcassets */ = {isa = PBXFileReference; lastKnownFileType = folder.assetcatalog; path = Assets.xcassets; sourceTree = "<group>"; };
		6391BFDA280473C700644C27 /* Preview Assets.xcassets */ = {isa = PBXFileReference; lastKnownFileType = folder.assetcatalog; path = "Preview Assets.xcassets"; sourceTree = "<group>"; };
		6391BFE22804756800644C27 /* Shapes.swift */ = {isa = PBXFileReference; lastKnownFileType = sourcecode.swift; path = Shapes.swift; sourceTree = "<group>"; };
		6391BFE42804758800644C27 /* CustomColor.swift */ = {isa = PBXFileReference; lastKnownFileType = sourcecode.swift; path = CustomColor.swift; sourceTree = "<group>"; };
		6391BFE6280475EF00644C27 /* Diagram.swift */ = {isa = PBXFileReference; lastKnownFileType = sourcecode.swift; path = Diagram.swift; sourceTree = "<group>"; };
		6391BFE82804761D00644C27 /* DrawShapes.swift */ = {isa = PBXFileReference; lastKnownFileType = sourcecode.swift; path = DrawShapes.swift; sourceTree = "<group>"; };
		6391BFEB2804768000644C27 /* DrawingDocument.swift */ = {isa = PBXFileReference; lastKnownFileType = sourcecode.swift; path = DrawingDocument.swift; sourceTree = "<group>"; };
		6391BFED2804769700644C27 /* DrawingEngine.swift */ = {isa = PBXFileReference; lastKnownFileType = sourcecode.swift; path = DrawingEngine.swift; sourceTree = "<group>"; };
		6391BFEF280476B400644C27 /* CustomFileManager.swift */ = {isa = PBXFileReference; lastKnownFileType = sourcecode.swift; path = CustomFileManager.swift; sourceTree = "<group>"; };
		6391BFF22804777600644C27 /* DrawingView.swift */ = {isa = PBXFileReference; lastKnownFileType = sourcecode.swift; path = DrawingView.swift; sourceTree = "<group>"; };
		6391BFF42804782700644C27 /* MenuView.swift */ = {isa = PBXFileReference; lastKnownFileType = sourcecode.swift; path = MenuView.swift; sourceTree = "<group>"; };
		6391BFF62804785B00644C27 /* ListCell.swift */ = {isa = PBXFileReference; lastKnownFileType = sourcecode.swift; path = ListCell.swift; sourceTree = "<group>"; };
		6391BFF9280478DC00644C27 /* TextFieldAlertViewController.swift */ = {isa = PBXFileReference; lastKnownFileType = sourcecode.swift; path = TextFieldAlertViewController.swift; sourceTree = "<group>"; };
		6391BFFB280478F700644C27 /* TextFieldAlert.swift */ = {isa = PBXFileReference; lastKnownFileType = sourcecode.swift; path = TextFieldAlert.swift; sourceTree = "<group>"; };
		6391BFFD2804790F00644C27 /* View+Ext.swift */ = {isa = PBXFileReference; lastKnownFileType = sourcecode.swift; path = "View+Ext.swift"; sourceTree = "<group>"; };
		6391BFFF2804794000644C27 /* TextFieldWrapper.swift */ = {isa = PBXFileReference; lastKnownFileType = sourcecode.swift; path = TextFieldWrapper.swift; sourceTree = "<group>"; };
		6391C0022804796900644C27 /* AlertButton.swift */ = {isa = PBXFileReference; lastKnownFileType = sourcecode.swift; path = AlertButton.swift; sourceTree = "<group>"; };
		6391C0042804799800644C27 /* AddButton.swift */ = {isa = PBXFileReference; lastKnownFileType = sourcecode.swift; path = AddButton.swift; sourceTree = "<group>"; };
/* End PBXFileReference section */

/* Begin PBXFrameworksBuildPhase section */
		6391BFCD280473C600644C27 /* Frameworks */ = {
			isa = PBXFrameworksBuildPhase;
			buildActionMask = 2147483647;
			files = (
			);
			runOnlyForDeploymentPostprocessing = 0;
		};
/* End PBXFrameworksBuildPhase section */

/* Begin PBXGroup section */
		6391BFC7280473C500644C27 = {
			isa = PBXGroup;
			children = (
				6391BFD2280473C600644C27 /* Sketch_Diagram_App */,
				6391BFD1280473C600644C27 /* Products */,
			);
			sourceTree = "<group>";
		};
		6391BFD1280473C600644C27 /* Products */ = {
			isa = PBXGroup;
			children = (
				6391BFD0280473C600644C27 /* Sketch_Diagram_App.app */,
			);
			name = Products;
			sourceTree = "<group>";
		};
		6391BFD2280473C600644C27 /* Sketch_Diagram_App */ = {
			isa = PBXGroup;
			children = (
				6391BFF8280478A300644C27 /* TextFieldAlert */,
				6391BFF12804776400644C27 /* Views */,
				6391BFEA2804766100644C27 /* Controller */,
				6391BFE12804750F00644C27 /* Model */,
				6391BFD7280473C700644C27 /* Assets.xcassets */,
				6391BFD9280473C700644C27 /* Preview Content */,
				6391BFD3280473C600644C27 /* Sketch_Diagram_AppApp.swift */,
				6391BFD5280473C600644C27 /* ContentView.swift */,
			);
			path = Sketch_Diagram_App;
			sourceTree = "<group>";
		};
		6391BFD9280473C700644C27 /* Preview Content */ = {
			isa = PBXGroup;
			children = (
				6391BFDA280473C700644C27 /* Preview Assets.xcassets */,
			);
			path = "Preview Content";
			sourceTree = "<group>";
		};
		6391BFE12804750F00644C27 /* Model */ = {
			isa = PBXGroup;
			children = (
				6391BFE22804756800644C27 /* Shapes.swift */,
				6391BFE42804758800644C27 /* CustomColor.swift */,
				6391BFE6280475EF00644C27 /* Diagram.swift */,
				6391BFE82804761D00644C27 /* DrawShapes.swift */,
			);
			path = Model;
			sourceTree = "<group>";
		};
		6391BFEA2804766100644C27 /* Controller */ = {
			isa = PBXGroup;
			children = (
				6391BFEB2804768000644C27 /* DrawingDocument.swift */,
				6391BFED2804769700644C27 /* DrawingEngine.swift */,
				6391BFEF280476B400644C27 /* CustomFileManager.swift */,
			);
			path = Controller;
			sourceTree = "<group>";
		};
		6391BFF12804776400644C27 /* Views */ = {
			isa = PBXGroup;
			children = (
				6391C0012804795700644C27 /* Buttons */,
				6391BFF22804777600644C27 /* DrawingView.swift */,
				6391BFF42804782700644C27 /* MenuView.swift */,
				6391BFF62804785B00644C27 /* ListCell.swift */,
			);
			path = Views;
			sourceTree = "<group>";
		};
		6391BFF8280478A300644C27 /* TextFieldAlert */ = {
			isa = PBXGroup;
			children = (
				6391BFF9280478DC00644C27 /* TextFieldAlertViewController.swift */,
				6391BFFB280478F700644C27 /* TextFieldAlert.swift */,
				6391BFFD2804790F00644C27 /* View+Ext.swift */,
				6391BFFF2804794000644C27 /* TextFieldWrapper.swift */,
			);
			path = TextFieldAlert;
			sourceTree = "<group>";
		};
		6391C0012804795700644C27 /* Buttons */ = {
			isa = PBXGroup;
			children = (
				6391C0022804796900644C27 /* AlertButton.swift */,
				6391C0042804799800644C27 /* AddButton.swift */,
			);
			path = Buttons;
			sourceTree = "<group>";
		};
/* End PBXGroup section */

/* Begin PBXNativeTarget section */
		6391BFCF280473C600644C27 /* Sketch_Diagram_App */ = {
			isa = PBXNativeTarget;
			buildConfigurationList = 6391BFDE280473C700644C27 /* Build configuration list for PBXNativeTarget "Sketch_Diagram_App" */;
			buildPhases = (
				6391BFCC280473C600644C27 /* Sources */,
				6391BFCD280473C600644C27 /* Frameworks */,
				6391BFCE280473C600644C27 /* Resources */,
			);
			buildRules = (
			);
			dependencies = (
			);
			name = Sketch_Diagram_App;
			productName = Sketch_Diagram_App;
			productReference = 6391BFD0280473C600644C27 /* Sketch_Diagram_App.app */;
			productType = "com.apple.product-type.application";
		};
/* End PBXNativeTarget section */

/* Begin PBXProject section */
		6391BFC8280473C600644C27 /* Project object */ = {
			isa = PBXProject;
			attributes = {
				BuildIndependentTargetsInParallel = 1;
				LastSwiftUpdateCheck = 1320;
				LastUpgradeCheck = 1320;
				TargetAttributes = {
					6391BFCF280473C600644C27 = {
						CreatedOnToolsVersion = 13.2.1;
					};
				};
			};
			buildConfigurationList = 6391BFCB280473C600644C27 /* Build configuration list for PBXProject "Sketch_Diagram_App" */;
			compatibilityVersion = "Xcode 13.0";
			developmentRegion = en;
			hasScannedForEncodings = 0;
			knownRegions = (
				en,
				Base,
			);
			mainGroup = 6391BFC7280473C500644C27;
			productRefGroup = 6391BFD1280473C600644C27 /* Products */;
			projectDirPath = "";
			projectRoot = "";
			targets = (
				6391BFCF280473C600644C27 /* Sketch_Diagram_App */,
			);
		};
/* End PBXProject section */

/* Begin PBXResourcesBuildPhase section */
		6391BFCE280473C600644C27 /* Resources */ = {
			isa = PBXResourcesBuildPhase;
			buildActionMask = 2147483647;
			files = (
				6391BFDB280473C700644C27 /* Preview Assets.xcassets in Resources */,
				6391BFD8280473C700644C27 /* Assets.xcassets in Resources */,
			);
			runOnlyForDeploymentPostprocessing = 0;
		};
/* End PBXResourcesBuildPhase section */

/* Begin PBXSourcesBuildPhase section */
		6391BFCC280473C600644C27 /* Sources */ = {
			isa = PBXSourcesBuildPhase;
			buildActionMask = 2147483647;
			files = (
				6391BFEE2804769700644C27 /* DrawingEngine.swift in Sources */,
				6391BFD6280473C600644C27 /* ContentView.swift in Sources */,
				6391BFFE2804790F00644C27 /* View+Ext.swift in Sources */,
				6391C0052804799800644C27 /* AddButton.swift in Sources */,
				6391BFD4280473C600644C27 /* Sketch_Diagram_AppApp.swift in Sources */,
				6391BFF0280476B400644C27 /* CustomFileManager.swift in Sources */,
				6391BFE52804758800644C27 /* CustomColor.swift in Sources */,
				6391BFEC2804768000644C27 /* DrawingDocument.swift in Sources */,
				6391BFE92804761D00644C27 /* DrawShapes.swift in Sources */,
				6391BFF52804782700644C27 /* MenuView.swift in Sources */,
				6391BFFC280478F700644C27 /* TextFieldAlert.swift in Sources */,
				6391BFFA280478DC00644C27 /* TextFieldAlertViewController.swift in Sources */,
				6391C0002804794000644C27 /* TextFieldWrapper.swift in Sources */,
				6391BFF32804777600644C27 /* DrawingView.swift in Sources */,
				6391C0032804796900644C27 /* AlertButton.swift in Sources */,
				6391BFF72804785B00644C27 /* ListCell.swift in Sources */,
				6391BFE7280475EF00644C27 /* Diagram.swift in Sources */,
				6391BFE32804756800644C27 /* Shapes.swift in Sources */,
			);
			runOnlyForDeploymentPostprocessing = 0;
		};
/* End PBXSourcesBuildPhase section */

/* Begin XCBuildConfiguration section */
		6391BFDC280473C700644C27 /* Debug */ = {
			isa = XCBuildConfiguration;
			buildSettings = {
				ALWAYS_SEARCH_USER_PATHS = NO;
				CLANG_ANALYZER_NONNULL = YES;
				CLANG_ANALYZER_NUMBER_OBJECT_CONVERSION = YES_AGGRESSIVE;
				CLANG_CXX_LANGUAGE_STANDARD = "gnu++17";
				CLANG_CXX_LIBRARY = "libc++";
				CLANG_ENABLE_MODULES = YES;
				CLANG_ENABLE_OBJC_ARC = YES;
				CLANG_ENABLE_OBJC_WEAK = YES;
				CLANG_WARN_BLOCK_CAPTURE_AUTORELEASING = YES;
				CLANG_WARN_BOOL_CONVERSION = YES;
				CLANG_WARN_COMMA = YES;
				CLANG_WARN_CONSTANT_CONVERSION = YES;
				CLANG_WARN_DEPRECATED_OBJC_IMPLEMENTATIONS = YES;
				CLANG_WARN_DIRECT_OBJC_ISA_USAGE = YES_ERROR;
				CLANG_WARN_DOCUMENTATION_COMMENTS = YES;
				CLANG_WARN_EMPTY_BODY = YES;
				CLANG_WARN_ENUM_CONVERSION = YES;
				CLANG_WARN_INFINITE_RECURSION = YES;
				CLANG_WARN_INT_CONVERSION = YES;
				CLANG_WARN_NON_LITERAL_NULL_CONVERSION = YES;
				CLANG_WARN_OBJC_IMPLICIT_RETAIN_SELF = YES;
				CLANG_WARN_OBJC_LITERAL_CONVERSION = YES;
				CLANG_WARN_OBJC_ROOT_CLASS = YES_ERROR;
				CLANG_WARN_QUOTED_INCLUDE_IN_FRAMEWORK_HEADER = YES;
				CLANG_WARN_RANGE_LOOP_ANALYSIS = YES;
				CLANG_WARN_STRICT_PROTOTYPES = YES;
				CLANG_WARN_SUSPICIOUS_MOVE = YES;
				CLANG_WARN_UNGUARDED_AVAILABILITY = YES_AGGRESSIVE;
				CLANG_WARN_UNREACHABLE_CODE = YES;
				CLANG_WARN__DUPLICATE_METHOD_MATCH = YES;
				COPY_PHASE_STRIP = NO;
				DEBUG_INFORMATION_FORMAT = dwarf;
				ENABLE_STRICT_OBJC_MSGSEND = YES;
				ENABLE_TESTABILITY = YES;
				GCC_C_LANGUAGE_STANDARD = gnu11;
				GCC_DYNAMIC_NO_PIC = NO;
				GCC_NO_COMMON_BLOCKS = YES;
				GCC_OPTIMIZATION_LEVEL = 0;
				GCC_PREPROCESSOR_DEFINITIONS = (
					"DEBUG=1",
					"$(inherited)",
				);
				GCC_WARN_64_TO_32_BIT_CONVERSION = YES;
				GCC_WARN_ABOUT_RETURN_TYPE = YES_ERROR;
				GCC_WARN_UNDECLARED_SELECTOR = YES;
				GCC_WARN_UNINITIALIZED_AUTOS = YES_AGGRESSIVE;
				GCC_WARN_UNUSED_FUNCTION = YES;
				GCC_WARN_UNUSED_VARIABLE = YES;
				IPHONEOS_DEPLOYMENT_TARGET = 15.2;
				MTL_ENABLE_DEBUG_INFO = INCLUDE_SOURCE;
				MTL_FAST_MATH = YES;
				ONLY_ACTIVE_ARCH = YES;
				SDKROOT = iphoneos;
				SWIFT_ACTIVE_COMPILATION_CONDITIONS = DEBUG;
				SWIFT_OPTIMIZATION_LEVEL = "-Onone";
			};
			name = Debug;
		};
		6391BFDD280473C700644C27 /* Release */ = {
			isa = XCBuildConfiguration;
			buildSettings = {
				ALWAYS_SEARCH_USER_PATHS = NO;
				CLANG_ANALYZER_NONNULL = YES;
				CLANG_ANALYZER_NUMBER_OBJECT_CONVERSION = YES_AGGRESSIVE;
				CLANG_CXX_LANGUAGE_STANDARD = "gnu++17";
				CLANG_CXX_LIBRARY = "libc++";
				CLANG_ENABLE_MODULES = YES;
				CLANG_ENABLE_OBJC_ARC = YES;
				CLANG_ENABLE_OBJC_WEAK = YES;
				CLANG_WARN_BLOCK_CAPTURE_AUTORELEASING = YES;
				CLANG_WARN_BOOL_CONVERSION = YES;
				CLANG_WARN_COMMA = YES;
				CLANG_WARN_CONSTANT_CONVERSION = YES;
				CLANG_WARN_DEPRECATED_OBJC_IMPLEMENTATIONS = YES;
				CLANG_WARN_DIRECT_OBJC_ISA_USAGE = YES_ERROR;
				CLANG_WARN_DOCUMENTATION_COMMENTS = YES;
				CLANG_WARN_EMPTY_BODY = YES;
				CLANG_WARN_ENUM_CONVERSION = YES;
				CLANG_WARN_INFINITE_RECURSION = YES;
				CLANG_WARN_INT_CONVERSION = YES;
				CLANG_WARN_NON_LITERAL_NULL_CONVERSION = YES;
				CLANG_WARN_OBJC_IMPLICIT_RETAIN_SELF = YES;
				CLANG_WARN_OBJC_LITERAL_CONVERSION = YES;
				CLANG_WARN_OBJC_ROOT_CLASS = YES_ERROR;
				CLANG_WARN_QUOTED_INCLUDE_IN_FRAMEWORK_HEADER = YES;
				CLANG_WARN_RANGE_LOOP_ANALYSIS = YES;
				CLANG_WARN_STRICT_PROTOTYPES = YES;
				CLANG_WARN_SUSPICIOUS_MOVE = YES;
				CLANG_WARN_UNGUARDED_AVAILABILITY = YES_AGGRESSIVE;
				CLANG_WARN_UNREACHABLE_CODE = YES;
				CLANG_WARN__DUPLICATE_METHOD_MATCH = YES;
				COPY_PHASE_STRIP = NO;
				DEBUG_INFORMATION_FORMAT = "dwarf-with-dsym";
				ENABLE_NS_ASSERTIONS = NO;
				ENABLE_STRICT_OBJC_MSGSEND = YES;
				GCC_C_LANGUAGE_STANDARD = gnu11;
				GCC_NO_COMMON_BLOCKS = YES;
				GCC_WARN_64_TO_32_BIT_CONVERSION = YES;
				GCC_WARN_ABOUT_RETURN_TYPE = YES_ERROR;
				GCC_WARN_UNDECLARED_SELECTOR = YES;
				GCC_WARN_UNINITIALIZED_AUTOS = YES_AGGRESSIVE;
				GCC_WARN_UNUSED_FUNCTION = YES;
				GCC_WARN_UNUSED_VARIABLE = YES;
				IPHONEOS_DEPLOYMENT_TARGET = 15.2;
				MTL_ENABLE_DEBUG_INFO = NO;
				MTL_FAST_MATH = YES;
				SDKROOT = iphoneos;
				SWIFT_COMPILATION_MODE = wholemodule;
				SWIFT_OPTIMIZATION_LEVEL = "-O";
				VALIDATE_PRODUCT = YES;
			};
			name = Release;
		};
		6391BFDF280473C700644C27 /* Debug */ = {
			isa = XCBuildConfiguration;
			buildSettings = {
				ASSETCATALOG_COMPILER_APPICON_NAME = AppIcon;
				ASSETCATALOG_COMPILER_GLOBAL_ACCENT_COLOR_NAME = AccentColor;
				CODE_SIGN_STYLE = Automatic;
				CURRENT_PROJECT_VERSION = 1;
				DEVELOPMENT_ASSET_PATHS = "\"Sketch_Diagram_App/Preview Content\"";
				DEVELOPMENT_TEAM = Y43XB73TZ8;
				ENABLE_PREVIEWS = YES;
				GENERATE_INFOPLIST_FILE = YES;
				INFOPLIST_KEY_UIApplicationSceneManifest_Generation = YES;
				INFOPLIST_KEY_UIApplicationSupportsIndirectInputEvents = YES;
				INFOPLIST_KEY_UILaunchScreen_Generation = YES;
				INFOPLIST_KEY_UISupportedInterfaceOrientations_iPad = "UIInterfaceOrientationPortrait UIInterfaceOrientationPortraitUpsideDown UIInterfaceOrientationLandscapeLeft UIInterfaceOrientationLandscapeRight";
				INFOPLIST_KEY_UISupportedInterfaceOrientations_iPhone = "UIInterfaceOrientationPortrait UIInterfaceOrientationLandscapeLeft UIInterfaceOrientationLandscapeRight";
				LD_RUNPATH_SEARCH_PATHS = (
					"$(inherited)",
					"@executable_path/Frameworks",
				);
				MARKETING_VERSION = 1.0;
				PRODUCT_BUNDLE_IDENTIFIER = "com.harryez.Sketch-Diagram-App";
				PRODUCT_NAME = "$(TARGET_NAME)";
				SWIFT_EMIT_LOC_STRINGS = YES;
				SWIFT_VERSION = 5.0;
				TARGETED_DEVICE_FAMILY = "1,2";
			};
			name = Debug;
		};
		6391BFE0280473C700644C27 /* Release */ = {
			isa = XCBuildConfiguration;
			buildSettings = {
				ASSETCATALOG_COMPILER_APPICON_NAME = AppIcon;
				ASSETCATALOG_COMPILER_GLOBAL_ACCENT_COLOR_NAME = AccentColor;
				CODE_SIGN_STYLE = Automatic;
				CURRENT_PROJECT_VERSION = 1;
				DEVELOPMENT_ASSET_PATHS = "\"Sketch_Diagram_App/Preview Content\"";
				DEVELOPMENT_TEAM = Y43XB73TZ8;
				ENABLE_PREVIEWS = YES;
				GENERATE_INFOPLIST_FILE = YES;
				INFOPLIST_KEY_UIApplicationSceneManifest_Generation = YES;
				INFOPLIST_KEY_UIApplicationSupportsIndirectInputEvents = YES;
				INFOPLIST_KEY_UILaunchScreen_Generation = YES;
				INFOPLIST_KEY_UISupportedInterfaceOrientations_iPad = "UIInterfaceOrientationPortrait UIInterfaceOrientationPortraitUpsideDown UIInterfaceOrientationLandscapeLeft UIInterfaceOrientationLandscapeRight";
				INFOPLIST_KEY_UISupportedInterfaceOrientations_iPhone = "UIInterfaceOrientationPortrait UIInterfaceOrientationLandscapeLeft UIInterfaceOrientationLandscapeRight";
				LD_RUNPATH_SEARCH_PATHS = (
					"$(inherited)",
					"@executable_path/Frameworks",
				);
				MARKETING_VERSION = 1.0;
				PRODUCT_BUNDLE_IDENTIFIER = "com.harryez.Sketch-Diagram-App";
				PRODUCT_NAME = "$(TARGET_NAME)";
				SWIFT_EMIT_LOC_STRINGS = YES;
				SWIFT_VERSION = 5.0;
				TARGETED_DEVICE_FAMILY = "1,2";
			};
			name = Release;
		};
/* End XCBuildConfiguration section */

/* Begin XCConfigurationList section */
		6391BFCB280473C600644C27 /* Build configuration list for PBXProject "Sketch_Diagram_App" */ = {
			isa = XCConfigurationList;
			buildConfigurations = (
				6391BFDC280473C700644C27 /* Debug */,
				6391BFDD280473C700644C27 /* Release */,
			);
			defaultConfigurationIsVisible = 0;
			defaultConfigurationName = Release;
		};
		6391BFDE280473C700644C27 /* Build configuration list for PBXNativeTarget "Sketch_Diagram_App" */ = {
			isa = XCConfigurationList;
			buildConfigurations = (
				6391BFDF280473C700644C27 /* Debug */,
				6391BFE0280473C700644C27 /* Release */,
			);
			defaultConfigurationIsVisible = 0;
			defaultConfigurationName = Release;
		};
/* End XCConfigurationList section */
	};
	rootObject = 6391BFC8280473C600644C27 /* Project object */;
}
